
Microsoft Visual Studio Solution File, Format Version 12.00
# Visual Studio Version 17
VisualStudioVersion = 17.9.34728.123
MinimumVisualStudioVersion = 10.0.40219.1
Project("{9A19103F-16F7-4668-BE54-9A1E7A4F7556}") = "UploadDrive", "UploadDrive.csproj", "{37646865-0BA7-4BE4-84EE-7AB264074E54}"
EndProject
Global
	GlobalSection(SolutionConfigurationPlatforms) = preSolution
		Debug|Any CPU = Debug|Any CPU
		Release|Any CPU = Release|Any CPU
	EndGlobalSection
	GlobalSection(ProjectConfigurationPlatforms) = postSolution
		{37646865-0BA7-4BE4-84EE-7AB264074E54}.Debug|Any CPU.ActiveCfg = Debug|Any CPU
		{37646865-0BA7-4BE4-84EE-7AB264074E54}.Debug|Any CPU.Build.0 = Debug|Any CPU
		{37646865-0BA7-4BE4-84EE-7AB264074E54}.Release|Any CPU.ActiveCfg = Release|Any CPU
		{37646865-0BA7-4BE4-84EE-7AB264074E54}.Release|Any CPU.Build.0 = Release|Any CPU
	EndGlobalSection
	GlobalSection(SolutionProperties) = preSolution
		HideSolutionNode = FALSE
	EndGlobalSection
	GlobalSection(ExtensibilityGlobals) = postSolution
		SolutionGuid = {0BB586DB-A3A9-4AF0-AEF0-E74FB5FE2FF3}
	EndGlobalSection
EndGlobal
